
Microsoft Visual Studio Solution File, Format Version 12.00
# Visual Studio Version 16
VisualStudioVersion = 16.0.32002.261
MinimumVisualStudioVersion = 10.0.40219.1
Project("{9A19103F-16F7-4668-BE54-9A1E7A4F7556}") = "WebApplication5", "WebApplication5\WebApplication5.csproj", "{C35ED416-2325-455D-8184-6BBB9A0AA917}"
EndProject
Global
	GlobalSection(SolutionConfigurationPlatforms) = preSolution
		Debug|Any CPU = Debug|Any CPU
		Release|Any CPU = Release|Any CPU
	EndGlobalSection
	GlobalSection(ProjectConfigurationPlatforms) = postSolution
		{C35ED416-2325-455D-8184-6BBB9A0AA917}.Debug|Any CPU.ActiveCfg = Debug|Any CPU
		{C35ED416-2325-455D-8184-6BBB9A0AA917}.Debug|Any CPU.Build.0 = Debug|Any CPU
		{C35ED416-2325-455D-8184-6BBB9A0AA917}.Release|Any CPU.ActiveCfg = Release|Any CPU
		{C35ED416-2325-455D-8184-6BBB9A0AA917}.Release|Any CPU.Build.0 = Release|Any CPU
	EndGlobalSection
	GlobalSection(SolutionProperties) = preSolution
		HideSolutionNode = FALSE
	EndGlobalSection
	GlobalSection(ExtensibilityGlobals) = postSolution
		SolutionGuid = {2218C45D-1F36-4053-B39D-E924511B67B8}
	EndGlobalSection
EndGlobal
